
Microsoft Visual Studio Solution File, Format Version 12.00
# Visual Studio Version 17
VisualStudioVersion = 17.14.36109.1
MinimumVisualStudioVersion = 10.0.40219.1
Project("{FAE04EC0-301F-11D3-BF4B-00C04F79EFBC}") = "ConsoleApp1", "ConsoleApp1\ConsoleApp1.csproj", "{51F9D16A-2271-4678-8FCA-DF0C32C3FCC9}"
EndProject
Project("{FAE04EC0-301F-11D3-BF4B-00C04F79EFBC}") = "ConsoleApp2", "ConsoleApp2\ConsoleApp2.csproj", "{F5BE0248-30C5-4234-835E-74BB83741882}"
EndProject
Project("{FAE04EC0-301F-11D3-BF4B-00C04F79EFBC}") = "ConsoleApp3", "ConsoleApp3\ConsoleApp3.csproj", "{DF1805DB-6A1C-46FF-BF92-D6B2111FA98F}"
EndProject
Project("{FAE04EC0-301F-11D3-BF4B-00C04F79EFBC}") = "ConsoleApp4", "ConsoleApp4\ConsoleApp4.csproj", "{0379FE68-DF79-437C-BA27-CFD0BCD6A225}"
EndProject
Global
	GlobalSection(SolutionConfigurationPlatforms) = preSolution
		Debug|Any CPU = Debug|Any CPU
		Release|Any CPU = Release|Any CPU
	EndGlobalSection
	GlobalSection(ProjectConfigurationPlatforms) = postSolution
		{51F9D16A-2271-4678-8FCA-DF0C32C3FCC9}.Debug|Any CPU.ActiveCfg = Debug|Any CPU
		{51F9D16A-2271-4678-8FCA-DF0C32C3FCC9}.Debug|Any CPU.Build.0 = Debug|Any CPU
		{51F9D16A-2271-4678-8FCA-DF0C32C3FCC9}.Release|Any CPU.ActiveCfg = Release|Any CPU
		{51F9D16A-2271-4678-8FCA-DF0C32C3FCC9}.Release|Any CPU.Build.0 = Release|Any CPU
		{F5BE0248-30C5-4234-835E-74BB83741882}.Debug|Any CPU.ActiveCfg = Debug|Any CPU
		{F5BE0248-30C5-4234-835E-74BB83741882}.Debug|Any CPU.Build.0 = Debug|Any CPU
		{F5BE0248-30C5-4234-835E-74BB83741882}.Release|Any CPU.ActiveCfg = Release|Any CPU
		{F5BE0248-30C5-4234-835E-74BB83741882}.Release|Any CPU.Build.0 = Release|Any CPU
		{DF1805DB-6A1C-46FF-BF92-D6B2111FA98F}.Debug|Any CPU.ActiveCfg = Debug|Any CPU
		{DF1805DB-6A1C-46FF-BF92-D6B2111FA98F}.Debug|Any CPU.Build.0 = Debug|Any CPU
		{DF1805DB-6A1C-46FF-BF92-D6B2111FA98F}.Release|Any CPU.ActiveCfg = Release|Any CPU
		{DF1805DB-6A1C-46FF-BF92-D6B2111FA98F}.Release|Any CPU.Build.0 = Release|Any CPU
		{0379FE68-DF79-437C-BA27-CFD0BCD6A225}.Debug|Any CPU.ActiveCfg = Debug|Any CPU
		{0379FE68-DF79-437C-BA27-CFD0BCD6A225}.Debug|Any CPU.Build.0 = Debug|Any CPU
		{0379FE68-DF79-437C-BA27-CFD0BCD6A225}.Release|Any CPU.ActiveCfg = Release|Any CPU
		{0379FE68-DF79-437C-BA27-CFD0BCD6A225}.Release|Any CPU.Build.0 = Release|Any CPU
	EndGlobalSection
	GlobalSection(SolutionProperties) = preSolution
		HideSolutionNode = FALSE
	EndGlobalSection
	GlobalSection(ExtensibilityGlobals) = postSolution
		SolutionGuid = {BBBC4C3E-7260-439F-B14F-A4A89E27786F}
	EndGlobalSection
EndGlobal
